
Microsoft Visual Studio Solution File, Format Version 12.00
# Visual Studio Version 16
VisualStudioVersion = 16.0.31727.386
MinimumVisualStudioVersion = 10.0.40219.1
Project("{FAE04EC0-301F-11D3-BF4B-00C04F79EFBC}") = "backend", "backend.csproj", "{A3AB7C93-8095-4E2C-9F4F-73EFFCF0148C}"
EndProject
Global
	GlobalSection(SolutionConfigurationPlatforms) = preSolution
		Debug|Any CPU = Debug|Any CPU
		Release|Any CPU = Release|Any CPU
	EndGlobalSection
	GlobalSection(ProjectConfigurationPlatforms) = postSolution
		{A3AB7C93-8095-4E2C-9F4F-73EFFCF0148C}.Debug|Any CPU.ActiveCfg = Debug|Any CPU
		{A3AB7C93-8095-4E2C-9F4F-73EFFCF0148C}.Debug|Any CPU.Build.0 = Debug|Any CPU
		{A3AB7C93-8095-4E2C-9F4F-73EFFCF0148C}.Release|Any CPU.ActiveCfg = Release|Any CPU
		{A3AB7C93-8095-4E2C-9F4F-73EFFCF0148C}.Release|Any CPU.Build.0 = Release|Any CPU
	EndGlobalSection
	GlobalSection(SolutionProperties) = preSolution
		HideSolutionNode = FALSE
	EndGlobalSection
	GlobalSection(ExtensibilityGlobals) = postSolution
		SolutionGuid = {F546F0B4-E0E6-4D1E-9A73-67314AB2F261}
	EndGlobalSection
EndGlobal
